// !$*UTF8*$!
{
	archiveVersion = 1;
	classes = {
	};
	objectVersion = 55;
	objects = {

/* Begin PBXBuildFile section */
		8EA2E0AA2757EE2A007B6BE8 /* AppDelegate.swift in Sources */ = {isa = PBXBuildFile; fileRef = 8EA2E0A92757EE2A007B6BE8 /* AppDelegate.swift */; };
		8EA2E0AC2757EE2A007B6BE8 /* SceneDelegate.swift in Sources */ = {isa = PBXBuildFile; fileRef = 8EA2E0AB2757EE2A007B6BE8 /* SceneDelegate.swift */; };
		8EA2E0B12757EE2A007B6BE8 /* Main.storyboard in Resources */ = {isa = PBXBuildFile; fileRef = 8EA2E0AF2757EE2A007B6BE8 /* Main.storyboard */; };
		8EA2E0B32757EE2A007B6BE8 /* Assets.xcassets in Resources */ = {isa = PBXBuildFile; fileRef = 8EA2E0B22757EE2A007B6BE8 /* Assets.xcassets */; };
		8EA2E0B62757EE2A007B6BE8 /* LaunchScreen.storyboard in Resources */ = {isa = PBXBuildFile; fileRef = 8EA2E0B42757EE2A007B6BE8 /* LaunchScreen.storyboard */; };
		8EA2E0C12757EF72007B6BE8 /* TaskListViewController.swift in Sources */ = {isa = PBXBuildFile; fileRef = 8EA2E0C02757EF72007B6BE8 /* TaskListViewController.swift */; };
		8EA2E0C42757EF92007B6BE8 /* TasksViewController.swift in Sources */ = {isa = PBXBuildFile; fileRef = 8EA2E0C32757EF92007B6BE8 /* TasksViewController.swift */; };
/* End PBXBuildFile section */

/* Begin PBXFileReference section */
		8EA2E0A62757EE2A007B6BE8 /* ToDoRealm.app */ = {isa = PBXFileReference; explicitFileType = wrapper.application; includeInIndex = 0; path = ToDoRealm.app; sourceTree = BUILT_PRODUCTS_DIR; };
		8EA2E0A92757EE2A007B6BE8 /* AppDelegate.swift */ = {isa = PBXFileReference; lastKnownFileType = sourcecode.swift; path = AppDelegate.swift; sourceTree = "<group>"; };
		8EA2E0AB2757EE2A007B6BE8 /* SceneDelegate.swift */ = {isa = PBXFileReference; lastKnownFileType = sourcecode.swift; path = SceneDelegate.swift; sourceTree = "<group>"; };
		8EA2E0B02757EE2A007B6BE8 /* Base */ = {isa = PBXFileReference; lastKnownFileType = file.storyboard; name = Base; path = Base.lproj/Main.storyboard; sourceTree = "<group>"; };
		8EA2E0B22757EE2A007B6BE8 /* Assets.xcassets */ = {isa = PBXFileReference; lastKnownFileType = folder.assetcatalog; path = Assets.xcassets; sourceTree = "<group>"; };
		8EA2E0B52757EE2A007B6BE8 /* Base */ = {isa = PBXFileReference; lastKnownFileType = file.storyboard; name = Base; path = Base.lproj/LaunchScreen.storyboard; sourceTree = "<group>"; };
		8EA2E0B72757EE2A007B6BE8 /* Info.plist */ = {isa = PBXFileReference; lastKnownFileType = text.plist.xml; path = Info.plist; sourceTree = "<group>"; };
		8EA2E0C02757EF72007B6BE8 /* TaskListViewController.swift */ = {isa = PBXFileReference; lastKnownFileType = sourcecode.swift; path = TaskListViewController.swift; sourceTree = "<group>"; };
		8EA2E0C32757EF92007B6BE8 /* TasksViewController.swift */ = {isa = PBXFileReference; lastKnownFileType = sourcecode.swift; path = TasksViewController.swift; sourceTree = "<group>"; };
/* End PBXFileReference section */

/* Begin PBXFrameworksBuildPhase section */
		8EA2E0A32757EE2A007B6BE8 /* Frameworks */ = {
			isa = PBXFrameworksBuildPhase;
			buildActionMask = 2147483647;
			files = (
			);
			runOnlyForDeploymentPostprocessing = 0;
		};
/* End PBXFrameworksBuildPhase section */

/* Begin PBXGroup section */
		8EA2E09D2757EE2A007B6BE8 = {
			isa = PBXGroup;
			children = (
				8EA2E0A82757EE2A007B6BE8 /* ToDoRealm */,
				8EA2E0A72757EE2A007B6BE8 /* Products */,
			);
			sourceTree = "<group>";
		};
		8EA2E0A72757EE2A007B6BE8 /* Products */ = {
			isa = PBXGroup;
			children = (
				8EA2E0A62757EE2A007B6BE8 /* ToDoRealm.app */,
			);
			name = Products;
			sourceTree = "<group>";
		};
		8EA2E0A82757EE2A007B6BE8 /* ToDoRealm */ = {
			isa = PBXGroup;
			children = (
				8EA2E0C52757EF9F007B6BE8 /* Services */,
				8EA2E0BD2757EF19007B6BE8 /* App */,
				8EA2E0BE2757EF29007B6BE8 /* StoryBoards */,
				8EA2E0BF2757EF44007B6BE8 /* Resourses */,
				8EA2E0C22757EF76007B6BE8 /* ViewControllers */,
			);
			path = ToDoRealm;
			sourceTree = "<group>";
		};
		8EA2E0BD2757EF19007B6BE8 /* App */ = {
			isa = PBXGroup;
			children = (
				8EA2E0A92757EE2A007B6BE8 /* AppDelegate.swift */,
				8EA2E0AB2757EE2A007B6BE8 /* SceneDelegate.swift */,
				8EA2E0B72757EE2A007B6BE8 /* Info.plist */,
			);
			path = App;
			sourceTree = "<group>";
		};
		8EA2E0BE2757EF29007B6BE8 /* StoryBoards */ = {
			isa = PBXGroup;
			children = (
				8EA2E0AF2757EE2A007B6BE8 /* Main.storyboard */,
				8EA2E0B42757EE2A007B6BE8 /* LaunchScreen.storyboard */,
			);
			path = StoryBoards;
			sourceTree = "<group>";
		};
		8EA2E0BF2757EF44007B6BE8 /* Resourses */ = {
			isa = PBXGroup;
			children = (
				8EA2E0B22757EE2A007B6BE8 /* Assets.xcassets */,
			);
			path = Resourses;
			sourceTree = "<group>";
		};
		8EA2E0C22757EF76007B6BE8 /* ViewControllers */ = {
			isa = PBXGroup;
			children = (
				8EA2E0C02757EF72007B6BE8 /* TaskListViewController.swift */,
				8EA2E0C32757EF92007B6BE8 /* TasksViewController.swift */,
			);
			path = ViewControllers;
			sourceTree = "<group>";
		};
		8EA2E0C52757EF9F007B6BE8 /* Services */ = {
			isa = PBXGroup;
			children = (
			);
			path = Services;
			sourceTree = "<group>";
		};
/* End PBXGroup section */

/* Begin PBXNativeTarget section */
		8EA2E0A52757EE2A007B6BE8 /* ToDoRealm */ = {
			isa = PBXNativeTarget;
			buildConfigurationList = 8EA2E0BA2757EE2A007B6BE8 /* Build configuration list for PBXNativeTarget "ToDoRealm" */;
			buildPhases = (
				8EA2E0A22757EE2A007B6BE8 /* Sources */,
				8EA2E0A32757EE2A007B6BE8 /* Frameworks */,
				8EA2E0A42757EE2A007B6BE8 /* Resources */,
			);
			buildRules = (
			);
			dependencies = (
			);
			name = ToDoRealm;
			productName = ToDoRealm;
			productReference = 8EA2E0A62757EE2A007B6BE8 /* ToDoRealm.app */;
			productType = "com.apple.product-type.application";
		};
/* End PBXNativeTarget section */

/* Begin PBXProject section */
		8EA2E09E2757EE2A007B6BE8 /* Project object */ = {
			isa = PBXProject;
			attributes = {
				BuildIndependentTargetsInParallel = 1;
				LastSwiftUpdateCheck = 1310;
				LastUpgradeCheck = 1310;
				TargetAttributes = {
					8EA2E0A52757EE2A007B6BE8 = {
						CreatedOnToolsVersion = 13.1;
					};
				};
			};
			buildConfigurationList = 8EA2E0A12757EE2A007B6BE8 /* Build configuration list for PBXProject "ToDoRealm" */;
			compatibilityVersion = "Xcode 13.0";
			developmentRegion = en;
			hasScannedForEncodings = 0;
			knownRegions = (
				en,
				Base,
			);
			mainGroup = 8EA2E09D2757EE2A007B6BE8;
			productRefGroup = 8EA2E0A72757EE2A007B6BE8 /* Products */;
			projectDirPath = "";
			projectRoot = "";
			targets = (
				8EA2E0A52757EE2A007B6BE8 /* ToDoRealm */,
			);
		};
/* End PBXProject section */

/* Begin PBXResourcesBuildPhase section */
		8EA2E0A42757EE2A007B6BE8 /* Resources */ = {
			isa = PBXResourcesBuildPhase;
			buildActionMask = 2147483647;
			files = (
				8EA2E0B62757EE2A007B6BE8 /* LaunchScreen.storyboard in Resources */,
				8EA2E0B32757EE2A007B6BE8 /* Assets.xcassets in Resources */,
				8EA2E0B12757EE2A007B6BE8 /* Main.storyboard in Resources */,
			);
			runOnlyForDeploymentPostprocessing = 0;
		};
/* End PBXResourcesBuildPhase section */

/* Begin PBXSourcesBuildPhase section */
		8EA2E0A22757EE2A007B6BE8 /* Sources */ = {
			isa = PBXSourcesBuildPhase;
			buildActionMask = 2147483647;
			files = (
				8EA2E0AA2757EE2A007B6BE8 /* AppDelegate.swift in Sources */,
				8EA2E0C42757EF92007B6BE8 /* TasksViewController.swift in Sources */,
				8EA2E0AC2757EE2A007B6BE8 /* SceneDelegate.swift in Sources */,
				8EA2E0C12757EF72007B6BE8 /* TaskListViewController.swift in Sources */,
			);
			runOnlyForDeploymentPostprocessing = 0;
		};
/* End PBXSourcesBuildPhase section */

/* Begin PBXVariantGroup section */
		8EA2E0AF2757EE2A007B6BE8 /* Main.storyboard */ = {
			isa = PBXVariantGroup;
			children = (
				8EA2E0B02757EE2A007B6BE8 /* Base */,
			);
			name = Main.storyboard;
			sourceTree = "<group>";
		};
		8EA2E0B42757EE2A007B6BE8 /* LaunchScreen.storyboard */ = {
			isa = PBXVariantGroup;
			children = (
				8EA2E0B52757EE2A007B6BE8 /* Base */,
			);
			name = LaunchScreen.storyboard;
			sourceTree = "<group>";
		};
/* End PBXVariantGroup section */

/* Begin XCBuildConfiguration section */
		8EA2E0B82757EE2A007B6BE8 /* Debug */ = {
			isa = XCBuildConfiguration;
			buildSettings = {
				ALWAYS_SEARCH_USER_PATHS = NO;
				CLANG_ANALYZER_NONNULL = YES;
				CLANG_ANALYZER_NUMBER_OBJECT_CONVERSION = YES_AGGRESSIVE;
				CLANG_CXX_LANGUAGE_STANDARD = "gnu++17";
				CLANG_CXX_LIBRARY = "libc++";
				CLANG_ENABLE_MODULES = YES;
				CLANG_ENABLE_OBJC_ARC = YES;
				CLANG_ENABLE_OBJC_WEAK = YES;
				CLANG_WARN_BLOCK_CAPTURE_AUTORELEASING = YES;
				CLANG_WARN_BOOL_CONVERSION = YES;
				CLANG_WARN_COMMA = YES;
				CLANG_WARN_CONSTANT_CONVERSION = YES;
				CLANG_WARN_DEPRECATED_OBJC_IMPLEMENTATIONS = YES;
				CLANG_WARN_DIRECT_OBJC_ISA_USAGE = YES_ERROR;
				CLANG_WARN_DOCUMENTATION_COMMENTS = YES;
				CLANG_WARN_EMPTY_BODY = YES;
				CLANG_WARN_ENUM_CONVERSION = YES;
				CLANG_WARN_INFINITE_RECURSION = YES;
				CLANG_WARN_INT_CONVERSION = YES;
				CLANG_WARN_NON_LITERAL_NULL_CONVERSION = YES;
				CLANG_WARN_OBJC_IMPLICIT_RETAIN_SELF = YES;
				CLANG_WARN_OBJC_LITERAL_CONVERSION = YES;
				CLANG_WARN_OBJC_ROOT_CLASS = YES_ERROR;
				CLANG_WARN_QUOTED_INCLUDE_IN_FRAMEWORK_HEADER = YES;
				CLANG_WARN_RANGE_LOOP_ANALYSIS = YES;
				CLANG_WARN_STRICT_PROTOTYPES = YES;
				CLANG_WARN_SUSPICIOUS_MOVE = YES;
				CLANG_WARN_UNGUARDED_AVAILABILITY = YES_AGGRESSIVE;
				CLANG_WARN_UNREACHABLE_CODE = YES;
				CLANG_WARN__DUPLICATE_METHOD_MATCH = YES;
				COPY_PHASE_STRIP = NO;
				DEBUG_INFORMATION_FORMAT = dwarf;
				ENABLE_STRICT_OBJC_MSGSEND = YES;
				ENABLE_TESTABILITY = YES;
				GCC_C_LANGUAGE_STANDARD = gnu11;
				GCC_DYNAMIC_NO_PIC = NO;
				GCC_NO_COMMON_BLOCKS = YES;
				GCC_OPTIMIZATION_LEVEL = 0;
				GCC_PREPROCESSOR_DEFINITIONS = (
					"DEBUG=1",
					"$(inherited)",
				);
				GCC_WARN_64_TO_32_BIT_CONVERSION = YES;
				GCC_WARN_ABOUT_RETURN_TYPE = YES_ERROR;
				GCC_WARN_UNDECLARED_SELECTOR = YES;
				GCC_WARN_UNINITIALIZED_AUTOS = YES_AGGRESSIVE;
				GCC_WARN_UNUSED_FUNCTION = YES;
				GCC_WARN_UNUSED_VARIABLE = YES;
				IPHONEOS_DEPLOYMENT_TARGET = 15.0;
				MTL_ENABLE_DEBUG_INFO = INCLUDE_SOURCE;
				MTL_FAST_MATH = YES;
				ONLY_ACTIVE_ARCH = YES;
				SDKROOT = iphoneos;
				SWIFT_ACTIVE_COMPILATION_CONDITIONS = DEBUG;
				SWIFT_OPTIMIZATION_LEVEL = "-Onone";
			};
			name = Debug;
		};
		8EA2E0B92757EE2A007B6BE8 /* Release */ = {
			isa = XCBuildConfiguration;
			buildSettings = {
				ALWAYS_SEARCH_USER_PATHS = NO;
				CLANG_ANALYZER_NONNULL = YES;
				CLANG_ANALYZER_NUMBER_OBJECT_CONVERSION = YES_AGGRESSIVE;
				CLANG_CXX_LANGUAGE_STANDARD = "gnu++17";
				CLANG_CXX_LIBRARY = "libc++";
				CLANG_ENABLE_MODULES = YES;
				CLANG_ENABLE_OBJC_ARC = YES;
				CLANG_ENABLE_OBJC_WEAK = YES;
				CLANG_WARN_BLOCK_CAPTURE_AUTORELEASING = YES;
				CLANG_WARN_BOOL_CONVERSION = YES;
				CLANG_WARN_COMMA = YES;
				CLANG_WARN_CONSTANT_CONVERSION = YES;
				CLANG_WARN_DEPRECATED_OBJC_IMPLEMENTATIONS = YES;
				CLANG_WARN_DIRECT_OBJC_ISA_USAGE = YES_ERROR;
				CLANG_WARN_DOCUMENTATION_COMMENTS = YES;
				CLANG_WARN_EMPTY_BODY = YES;
				CLANG_WARN_ENUM_CONVERSION = YES;
				CLANG_WARN_INFINITE_RECURSION = YES;
				CLANG_WARN_INT_CONVERSION = YES;
				CLANG_WARN_NON_LITERAL_NULL_CONVERSION = YES;
				CLANG_WARN_OBJC_IMPLICIT_RETAIN_SELF = YES;
				CLANG_WARN_OBJC_LITERAL_CONVERSION = YES;
				CLANG_WARN_OBJC_ROOT_CLASS = YES_ERROR;
				CLANG_WARN_QUOTED_INCLUDE_IN_FRAMEWORK_HEADER = YES;
				CLANG_WARN_RANGE_LOOP_ANALYSIS = YES;
				CLANG_WARN_STRICT_PROTOTYPES = YES;
				CLANG_WARN_SUSPICIOUS_MOVE = YES;
				CLANG_WARN_UNGUARDED_AVAILABILITY = YES_AGGRESSIVE;
				CLANG_WARN_UNREACHABLE_CODE = YES;
				CLANG_WARN__DUPLICATE_METHOD_MATCH = YES;
				COPY_PHASE_STRIP = NO;
				DEBUG_INFORMATION_FORMAT = "dwarf-with-dsym";
				ENABLE_NS_ASSERTIONS = NO;
				ENABLE_STRICT_OBJC_MSGSEND = YES;
				GCC_C_LANGUAGE_STANDARD = gnu11;
				GCC_NO_COMMON_BLOCKS = YES;
				GCC_WARN_64_TO_32_BIT_CONVERSION = YES;
				GCC_WARN_ABOUT_RETURN_TYPE = YES_ERROR;
				GCC_WARN_UNDECLARED_SELECTOR = YES;
				GCC_WARN_UNINITIALIZED_AUTOS = YES_AGGRESSIVE;
				GCC_WARN_UNUSED_FUNCTION = YES;
				GCC_WARN_UNUSED_VARIABLE = YES;
				IPHONEOS_DEPLOYMENT_TARGET = 15.0;
				MTL_ENABLE_DEBUG_INFO = NO;
				MTL_FAST_MATH = YES;
				SDKROOT = iphoneos;
				SWIFT_COMPILATION_MODE = wholemodule;
				SWIFT_OPTIMIZATION_LEVEL = "-O";
				VALIDATE_PRODUCT = YES;
			};
			name = Release;
		};
		8EA2E0BB2757EE2A007B6BE8 /* Debug */ = {
			isa = XCBuildConfiguration;
			buildSettings = {
				ASSETCATALOG_COMPILER_APPICON_NAME = AppIcon;
				ASSETCATALOG_COMPILER_GLOBAL_ACCENT_COLOR_NAME = AccentColor;
				CODE_SIGN_STYLE = Automatic;
				CURRENT_PROJECT_VERSION = 1;
				DEVELOPMENT_TEAM = L9WQ2FGRF6;
				GENERATE_INFOPLIST_FILE = YES;
				INFOPLIST_FILE = ToDoRealm/App/Info.plist;
				INFOPLIST_KEY_UIApplicationSupportsIndirectInputEvents = YES;
				INFOPLIST_KEY_UILaunchStoryboardName = LaunchScreen;
				INFOPLIST_KEY_UIMainStoryboardFile = Main;
				INFOPLIST_KEY_UISupportedInterfaceOrientations = UIInterfaceOrientationPortrait;
				INFOPLIST_KEY_UISupportedInterfaceOrientations_iPad = "UIInterfaceOrientationPortrait UIInterfaceOrientationPortraitUpsideDown UIInterfaceOrientationLandscapeLeft UIInterfaceOrientationLandscapeRight";
				INFOPLIST_KEY_UISupportedInterfaceOrientations_iPhone = "UIInterfaceOrientationPortrait UIInterfaceOrientationLandscapeLeft UIInterfaceOrientationLandscapeRight";
				LD_RUNPATH_SEARCH_PATHS = (
					"$(inherited)",
					"@executable_path/Frameworks",
				);
				MARKETING_VERSION = 1.0;
				PRODUCT_BUNDLE_IDENTIFIER = igrssv.ToDoRealm;
				PRODUCT_NAME = "$(TARGET_NAME)";
				SWIFT_EMIT_LOC_STRINGS = YES;
				SWIFT_VERSION = 5.0;
				TARGETED_DEVICE_FAMILY = 1;
			};
			name = Debug;
		};
		8EA2E0BC2757EE2A007B6BE8 /* Release */ = {
			isa = XCBuildConfiguration;
			buildSettings = {
				ASSETCATALOG_COMPILER_APPICON_NAME = AppIcon;
				ASSETCATALOG_COMPILER_GLOBAL_ACCENT_COLOR_NAME = AccentColor;
				CODE_SIGN_STYLE = Automatic;
				CURRENT_PROJECT_VERSION = 1;
				DEVELOPMENT_TEAM = L9WQ2FGRF6;
				GENERATE_INFOPLIST_FILE = YES;
				INFOPLIST_FILE = ToDoRealm/App/Info.plist;
				INFOPLIST_KEY_UIApplicationSupportsIndirectInputEvents = YES;
				INFOPLIST_KEY_UILaunchStoryboardName = LaunchScreen;
				INFOPLIST_KEY_UIMainStoryboardFile = Main;
				INFOPLIST_KEY_UISupportedInterfaceOrientations = UIInterfaceOrientationPortrait;
				INFOPLIST_KEY_UISupportedInterfaceOrientations_iPad = "UIInterfaceOrientationPortrait UIInterfaceOrientationPortraitUpsideDown UIInterfaceOrientationLandscapeLeft UIInterfaceOrientationLandscapeRight";
				INFOPLIST_KEY_UISupportedInterfaceOrientations_iPhone = "UIInterfaceOrientationPortrait UIInterfaceOrientationLandscapeLeft UIInterfaceOrientationLandscapeRight";
				LD_RUNPATH_SEARCH_PATHS = (
					"$(inherited)",
					"@executable_path/Frameworks",
				);
				MARKETING_VERSION = 1.0;
				PRODUCT_BUNDLE_IDENTIFIER = igrssv.ToDoRealm;
				PRODUCT_NAME = "$(TARGET_NAME)";
				SWIFT_EMIT_LOC_STRINGS = YES;
				SWIFT_VERSION = 5.0;
				TARGETED_DEVICE_FAMILY = 1;
			};
			name = Release;
		};
/* End XCBuildConfiguration section */

/* Begin XCConfigurationList section */
		8EA2E0A12757EE2A007B6BE8 /* Build configuration list for PBXProject "ToDoRealm" */ = {
			isa = XCConfigurationList;
			buildConfigurations = (
				8EA2E0B82757EE2A007B6BE8 /* Debug */,
				8EA2E0B92757EE2A007B6BE8 /* Release */,
			);
			defaultConfigurationIsVisible = 0;
			defaultConfigurationName = Release;
		};
		8EA2E0BA2757EE2A007B6BE8 /* Build configuration list for PBXNativeTarget "ToDoRealm" */ = {
			isa = XCConfigurationList;
			buildConfigurations = (
				8EA2E0BB2757EE2A007B6BE8 /* Debug */,
				8EA2E0BC2757EE2A007B6BE8 /* Release */,
			);
			defaultConfigurationIsVisible = 0;
			defaultConfigurationName = Release;
		};
/* End XCConfigurationList section */
	};
	rootObject = 8EA2E09E2757EE2A007B6BE8 /* Project object */;
}
